
Microsoft Visual Studio Solution File, Format Version 12.00
# Visual Studio Version 17
VisualStudioVersion = 17.7.34003.232
MinimumVisualStudioVersion = 10.0.40219.1
Project("{FAE04EC0-301F-11D3-BF4B-00C04F79EFBC}") = "JwtWebApiTutorial", "JwtWebApiTutorial\JwtWebApiTutorial.csproj", "{6B89155D-9702-4FDE-89C8-08474C101840}"
EndProject
Global
	GlobalSection(SolutionConfigurationPlatforms) = preSolution
		Debug|Any CPU = Debug|Any CPU
		Release|Any CPU = Release|Any CPU
	EndGlobalSection
	GlobalSection(ProjectConfigurationPlatforms) = postSolution
		{6B89155D-9702-4FDE-89C8-08474C101840}.Debug|Any CPU.ActiveCfg = Debug|Any CPU
		{6B89155D-9702-4FDE-89C8-08474C101840}.Debug|Any CPU.Build.0 = Debug|Any CPU
		{6B89155D-9702-4FDE-89C8-08474C101840}.Release|Any CPU.ActiveCfg = Release|Any CPU
		{6B89155D-9702-4FDE-89C8-08474C101840}.Release|Any CPU.Build.0 = Release|Any CPU
	EndGlobalSection
	GlobalSection(SolutionProperties) = preSolution
		HideSolutionNode = FALSE
	EndGlobalSection
	GlobalSection(ExtensibilityGlobals) = postSolution
		SolutionGuid = {FEEA7AF7-934D-4D45-A30E-38D4816F98DF}
	EndGlobalSection
EndGlobal
